// !$*UTF8*$!
{
	archiveVersion = 1;
	classes = {
	};
	objectVersion = 46;
	objects = {

/* Begin PBXBuildFile section */
		0351A5C5AD032080B8171F2C /* libPods-ma2.a in Frameworks */ = {isa = PBXBuildFile; fileRef = 1E3932F51FE786CA070094C0 /* libPods-ma2.a */; };
		1902B5A41F14D8E600D5CD36 /* main.m in Sources */ = {isa = PBXBuildFile; fileRef = 1902B5A31F14D8E600D5CD36 /* main.m */; };
		1902B5A71F14D8E600D5CD36 /* AppDelegate.m in Sources */ = {isa = PBXBuildFile; fileRef = 1902B5A61F14D8E600D5CD36 /* AppDelegate.m */; };
		1902B5AF1F14D8E600D5CD36 /* Assets.xcassets in Resources */ = {isa = PBXBuildFile; fileRef = 1902B5AE1F14D8E600D5CD36 /* Assets.xcassets */; };
		1902B5BB1F14DA8300D5CD36 /* RootViewController.m in Sources */ = {isa = PBXBuildFile; fileRef = 1902B5BA1F14DA8300D5CD36 /* RootViewController.m */; };
		1902B5BF1F15F6A500D5CD36 /* AddDeviceViewController.m in Sources */ = {isa = PBXBuildFile; fileRef = 1902B5BE1F15F6A500D5CD36 /* AddDeviceViewController.m */; };
		1902B5C21F15F71000D5CD36 /* ConfigWifiViewController.m in Sources */ = {isa = PBXBuildFile; fileRef = 1902B5C11F15F71000D5CD36 /* ConfigWifiViewController.m */; };
		1902B5CE1F15F76C00D5CD36 /* EGORefreshTableHeaderView.m in Sources */ = {isa = PBXBuildFile; fileRef = 1902B5C51F15F76C00D5CD36 /* EGORefreshTableHeaderView.m */; };
		1902B5CF1F15F76C00D5CD36 /* YLCommon.m in Sources */ = {isa = PBXBuildFile; fileRef = 1902B5C71F15F76C00D5CD36 /* YLCommon.m */; };
		1902B5D01F15F76C00D5CD36 /* YLLocationManager.m in Sources */ = {isa = PBXBuildFile; fileRef = 1902B5C91F15F76C00D5CD36 /* YLLocationManager.m */; };
		1902B5D11F15F76C00D5CD36 /* YLLog.m in Sources */ = {isa = PBXBuildFile; fileRef = 1902B5CB1F15F76C00D5CD36 /* YLLog.m */; };
		1902B5D21F15F76C00D5CD36 /* YLToast.m in Sources */ = {isa = PBXBuildFile; fileRef = 1902B5CD1F15F76C00D5CD36 /* YLToast.m */; };
		1941943F1F1625D000DE4748 /* ChangePassViewController.m in Sources */ = {isa = PBXBuildFile; fileRef = 1941943E1F1625D000DE4748 /* ChangePassViewController.m */; };
		194194421F162A4000DE4748 /* LoginViewViewController.m in Sources */ = {isa = PBXBuildFile; fileRef = 194194411F162A4000DE4748 /* LoginViewViewController.m */; };
		1941944E1F17141100DE4748 /* RegisterViewController.m in Sources */ = {isa = PBXBuildFile; fileRef = 1941944D1F17141100DE4748 /* RegisterViewController.m */; };
		19F066491F7D0872008D2AD3 /* RetrievePassViewController.m in Sources */ = {isa = PBXBuildFile; fileRef = 19F066481F7D0872008D2AD3 /* RetrievePassViewController.m */; };
		19F0664C1F7DF283008D2AD3 /* DevicesViewController.m in Sources */ = {isa = PBXBuildFile; fileRef = 19F0664B1F7DF283008D2AD3 /* DevicesViewController.m */; };
		19F0664F1F7DF28E008D2AD3 /* MineViewController.m in Sources */ = {isa = PBXBuildFile; fileRef = 19F0664E1F7DF28E008D2AD3 /* MineViewController.m */; };
		19F066521F7DF29A008D2AD3 /* ForumViewController.m in Sources */ = {isa = PBXBuildFile; fileRef = 19F066511F7DF29A008D2AD3 /* ForumViewController.m */; };
		19F066551F7DF9EC008D2AD3 /* DeviceDetailViewController.m in Sources */ = {isa = PBXBuildFile; fileRef = 19F066541F7DF9EC008D2AD3 /* DeviceDetailViewController.m */; };
		D753B41F1F16616700557A4D /* logo.jpg in Resources */ = {isa = PBXBuildFile; fileRef = D753B41E1F16616700557A4D /* logo.jpg */; };
		D7FD59511F152CCF0043D4E5 /* DeviceModel.m in Sources */ = {isa = PBXBuildFile; fileRef = D7FD594E1F152CCF0043D4E5 /* DeviceModel.m */; };
		D7FD59521F152CCF0043D4E5 /* User.m in Sources */ = {isa = PBXBuildFile; fileRef = D7FD59501F152CCF0043D4E5 /* User.m */; };
		D7FD595F1F154FE30043D4E5 /* ForumTableViewCell.m in Sources */ = {isa = PBXBuildFile; fileRef = D7FD595E1F154FE30043D4E5 /* ForumTableViewCell.m */; };
		D7FD59621F1551670043D4E5 /* ForumBodyView.m in Sources */ = {isa = PBXBuildFile; fileRef = D7FD59611F1551670043D4E5 /* ForumBodyView.m */; };
		D7FD59861F1552D50043D4E5 /* MBProgressHUD+PY.m in Sources */ = {isa = PBXBuildFile; fileRef = D7FD59671F1552D50043D4E5 /* MBProgressHUD+PY.m */; };
		D7FD59871F1552D50043D4E5 /* UIView+PYExtension.m in Sources */ = {isa = PBXBuildFile; fileRef = D7FD59691F1552D50043D4E5 /* UIView+PYExtension.m */; };
		D7FD59881F1552D50043D4E5 /* PYNavigationController.m in Sources */ = {isa = PBXBuildFile; fileRef = D7FD596C1F1552D50043D4E5 /* PYNavigationController.m */; };
		D7FD59891F1552D50043D4E5 /* PYPhotosPreviewController.m in Sources */ = {isa = PBXBuildFile; fileRef = D7FD596E1F1552D50043D4E5 /* PYPhotosPreviewController.m */; };
		D7FD598A1F1552D50043D4E5 /* PYPhotosReaderController.m in Sources */ = {isa = PBXBuildFile; fileRef = D7FD59701F1552D50043D4E5 /* PYPhotosReaderController.m */; };
		D7FD598B1F1552D50043D4E5 /* PYPhotosViewController.m in Sources */ = {isa = PBXBuildFile; fileRef = D7FD59721F1552D50043D4E5 /* PYPhotosViewController.m */; };
		D7FD598C1F1552D50043D4E5 /* PYPhoto.m in Sources */ = {isa = PBXBuildFile; fileRef = D7FD59751F1552D50043D4E5 /* PYPhoto.m */; };
		D7FD598D1F1552D50043D4E5 /* PYConst.m in Sources */ = {isa = PBXBuildFile; fileRef = D7FD59781F1552D50043D4E5 /* PYConst.m */; };
		D7FD598E1F1552D50043D4E5 /* PYProgressView.m in Sources */ = {isa = PBXBuildFile; fileRef = D7FD597A1F1552D50043D4E5 /* PYProgressView.m */; };
		D7FD598F1F1552D50043D4E5 /* PYPhotosView.bundle in Resources */ = {isa = PBXBuildFile; fileRef = D7FD597C1F1552D50043D4E5 /* PYPhotosView.bundle */; };
		D7FD59901F1552D50043D4E5 /* PYPhotoBrowseView.m in Sources */ = {isa = PBXBuildFile; fileRef = D7FD597F1F1552D50043D4E5 /* PYPhotoBrowseView.m */; };
		D7FD59911F1552D50043D4E5 /* PYPhotoCell.m in Sources */ = {isa = PBXBuildFile; fileRef = D7FD59811F1552D50043D4E5 /* PYPhotoCell.m */; };
		D7FD59921F1552D50043D4E5 /* PYPhotosView.m in Sources */ = {isa = PBXBuildFile; fileRef = D7FD59831F1552D50043D4E5 /* PYPhotosView.m */; };
		D7FD59931F1552D50043D4E5 /* PYPhotoView.m in Sources */ = {isa = PBXBuildFile; fileRef = D7FD59851F1552D50043D4E5 /* PYPhotoView.m */; };
		D7FD59961F1553BB0043D4E5 /* ForumToolBarView.m in Sources */ = {isa = PBXBuildFile; fileRef = D7FD59951F1553BB0043D4E5 /* ForumToolBarView.m */; };
		D7FD59991F1554490043D4E5 /* UIColor+HexString.m in Sources */ = {isa = PBXBuildFile; fileRef = D7FD59981F1554490043D4E5 /* UIColor+HexString.m */; };
		D7FD599C1F1555230043D4E5 /* ForumViewModel.m in Sources */ = {isa = PBXBuildFile; fileRef = D7FD599B1F1555230043D4E5 /* ForumViewModel.m */; };
		D7FD599F1F1555F10043D4E5 /* ForumRecord.m in Sources */ = {isa = PBXBuildFile; fileRef = D7FD599E1F1555F10043D4E5 /* ForumRecord.m */; };
		D7FD59B21F1559810043D4E5 /* DACircularProgressView.m in Sources */ = {isa = PBXBuildFile; fileRef = D7FD59AF1F1559810043D4E5 /* DACircularProgressView.m */; };
		D7FD59B31F1559810043D4E5 /* DALabeledCircularProgressView.m in Sources */ = {isa = PBXBuildFile; fileRef = D7FD59B11F1559810043D4E5 /* DALabeledCircularProgressView.m */; };
		D7FD59F41F155B3B0043D4E5 /* longyu.jpg in Resources */ = {isa = PBXBuildFile; fileRef = D7FD59F01F155B3B0043D4E5 /* longyu.jpg */; };
		D7FD59F51F155B3B0043D4E5 /* up1.jpg in Resources */ = {isa = PBXBuildFile; fileRef = D7FD59F11F155B3B0043D4E5 /* up1.jpg */; };
		D7FD59F61F155B3B0043D4E5 /* up2.jpg in Resources */ = {isa = PBXBuildFile; fileRef = D7FD59F21F155B3B0043D4E5 /* up2.jpg */; };
		D7FD59F71F155B3B0043D4E5 /* up3.jpg in Resources */ = {isa = PBXBuildFile; fileRef = D7FD59F31F155B3B0043D4E5 /* up3.jpg */; };
		D7FD59F91F155CED0043D4E5 /* Moments.plist in Resources */ = {isa = PBXBuildFile; fileRef = D7FD59F81F155CED0043D4E5 /* Moments.plist */; };
/* End PBXBuildFile section */

/* Begin PBXFileReference section */
		1902B59F1F14D8E600D5CD36 /* ma2.app */ = {isa = PBXFileReference; explicitFileType = wrapper.application; includeInIndex = 0; path = ma2.app; sourceTree = BUILT_PRODUCTS_DIR; };
		1902B5A31F14D8E600D5CD36 /* main.m */ = {isa = PBXFileReference; lastKnownFileType = sourcecode.c.objc; path = main.m; sourceTree = "<group>"; };
		1902B5A51F14D8E600D5CD36 /* AppDelegate.h */ = {isa = PBXFileReference; lastKnownFileType = sourcecode.c.h; path = AppDelegate.h; sourceTree = "<group>"; };
		1902B5A61F14D8E600D5CD36 /* AppDelegate.m */ = {isa = PBXFileReference; lastKnownFileType = sourcecode.c.objc; path = AppDelegate.m; sourceTree = "<group>"; };
		1902B5AE1F14D8E600D5CD36 /* Assets.xcassets */ = {isa = PBXFileReference; lastKnownFileType = folder.assetcatalog; path = Assets.xcassets; sourceTree = "<group>"; };
		1902B5B31F14D8E600D5CD36 /* Info.plist */ = {isa = PBXFileReference; lastKnownFileType = text.plist.xml; path = Info.plist; sourceTree = "<group>"; };
		1902B5B91F14DA8300D5CD36 /* RootViewController.h */ = {isa = PBXFileReference; fileEncoding = 4; lastKnownFileType = sourcecode.c.h; path = RootViewController.h; sourceTree = "<group>"; };
		1902B5BA1F14DA8300D5CD36 /* RootViewController.m */ = {isa = PBXFileReference; fileEncoding = 4; lastKnownFileType = sourcecode.c.objc; path = RootViewController.m; sourceTree = "<group>"; };
		1902B5BD1F15F6A500D5CD36 /* AddDeviceViewController.h */ = {isa = PBXFileReference; fileEncoding = 4; lastKnownFileType = sourcecode.c.h; path = AddDeviceViewController.h; sourceTree = "<group>"; };
		1902B5BE1F15F6A500D5CD36 /* AddDeviceViewController.m */ = {isa = PBXFileReference; fileEncoding = 4; lastKnownFileType = sourcecode.c.objc; path = AddDeviceViewController.m; sourceTree = "<group>"; };
		1902B5C01F15F71000D5CD36 /* ConfigWifiViewController.h */ = {isa = PBXFileReference; fileEncoding = 4; lastKnownFileType = sourcecode.c.h; path = ConfigWifiViewController.h; sourceTree = "<group>"; };
		1902B5C11F15F71000D5CD36 /* ConfigWifiViewController.m */ = {isa = PBXFileReference; fileEncoding = 4; lastKnownFileType = sourcecode.c.objc; path = ConfigWifiViewController.m; sourceTree = "<group>"; };
		1902B5C41F15F76C00D5CD36 /* EGORefreshTableHeaderView.h */ = {isa = PBXFileReference; fileEncoding = 4; lastKnownFileType = sourcecode.c.h; path = EGORefreshTableHeaderView.h; sourceTree = "<group>"; };
		1902B5C51F15F76C00D5CD36 /* EGORefreshTableHeaderView.m */ = {isa = PBXFileReference; fileEncoding = 4; lastKnownFileType = sourcecode.c.objc; path = EGORefreshTableHeaderView.m; sourceTree = "<group>"; };
		1902B5C61F15F76C00D5CD36 /* YLCommon.h */ = {isa = PBXFileReference; fileEncoding = 4; lastKnownFileType = sourcecode.c.h; path = YLCommon.h; sourceTree = "<group>"; };
		1902B5C71F15F76C00D5CD36 /* YLCommon.m */ = {isa = PBXFileReference; fileEncoding = 4; lastKnownFileType = sourcecode.c.objc; path = YLCommon.m; sourceTree = "<group>"; };
		1902B5C81F15F76C00D5CD36 /* YLLocationManager.h */ = {isa = PBXFileReference; fileEncoding = 4; lastKnownFileType = sourcecode.c.h; path = YLLocationManager.h; sourceTree = "<group>"; };
		1902B5C91F15F76C00D5CD36 /* YLLocationManager.m */ = {isa = PBXFileReference; fileEncoding = 4; lastKnownFileType = sourcecode.c.objc; path = YLLocationManager.m; sourceTree = "<group>"; };
		1902B5CA1F15F76C00D5CD36 /* YLLog.h */ = {isa = PBXFileReference; fileEncoding = 4; lastKnownFileType = sourcecode.c.h; path = YLLog.h; sourceTree = "<group>"; };
		1902B5CB1F15F76C00D5CD36 /* YLLog.m */ = {isa = PBXFileReference; fileEncoding = 4; lastKnownFileType = sourcecode.c.objc; path = YLLog.m; sourceTree = "<group>"; };
		1902B5CC1F15F76C00D5CD36 /* YLToast.h */ = {isa = PBXFileReference; fileEncoding = 4; lastKnownFileType = sourcecode.c.h; path = YLToast.h; sourceTree = "<group>"; };
		1902B5CD1F15F76C00D5CD36 /* YLToast.m */ = {isa = PBXFileReference; fileEncoding = 4; lastKnownFileType = sourcecode.c.objc; path = YLToast.m; sourceTree = "<group>"; };
		1941943D1F1625D000DE4748 /* ChangePassViewController.h */ = {isa = PBXFileReference; fileEncoding = 4; lastKnownFileType = sourcecode.c.h; path = ChangePassViewController.h; sourceTree = "<group>"; };
		1941943E1F1625D000DE4748 /* ChangePassViewController.m */ = {isa = PBXFileReference; fileEncoding = 4; lastKnownFileType = sourcecode.c.objc; path = ChangePassViewController.m; sourceTree = "<group>"; };
		194194401F162A4000DE4748 /* LoginViewViewController.h */ = {isa = PBXFileReference; fileEncoding = 4; lastKnownFileType = sourcecode.c.h; path = LoginViewViewController.h; sourceTree = "<group>"; };
		194194411F162A4000DE4748 /* LoginViewViewController.m */ = {isa = PBXFileReference; fileEncoding = 4; lastKnownFileType = sourcecode.c.objc; path = LoginViewViewController.m; sourceTree = "<group>"; };
		1941944C1F17141100DE4748 /* RegisterViewController.h */ = {isa = PBXFileReference; fileEncoding = 4; lastKnownFileType = sourcecode.c.h; path = RegisterViewController.h; sourceTree = "<group>"; };
		1941944D1F17141100DE4748 /* RegisterViewController.m */ = {isa = PBXFileReference; fileEncoding = 4; lastKnownFileType = sourcecode.c.objc; path = RegisterViewController.m; sourceTree = "<group>"; };
		19F066471F7D0872008D2AD3 /* RetrievePassViewController.h */ = {isa = PBXFileReference; fileEncoding = 4; lastKnownFileType = sourcecode.c.h; path = RetrievePassViewController.h; sourceTree = "<group>"; };
		19F066481F7D0872008D2AD3 /* RetrievePassViewController.m */ = {isa = PBXFileReference; fileEncoding = 4; lastKnownFileType = sourcecode.c.objc; path = RetrievePassViewController.m; sourceTree = "<group>"; };
		19F0664A1F7DF283008D2AD3 /* DevicesViewController.h */ = {isa = PBXFileReference; fileEncoding = 4; lastKnownFileType = sourcecode.c.h; path = DevicesViewController.h; sourceTree = "<group>"; };
		19F0664B1F7DF283008D2AD3 /* DevicesViewController.m */ = {isa = PBXFileReference; fileEncoding = 4; lastKnownFileType = sourcecode.c.objc; path = DevicesViewController.m; sourceTree = "<group>"; };
		19F0664D1F7DF28E008D2AD3 /* MineViewController.h */ = {isa = PBXFileReference; fileEncoding = 4; lastKnownFileType = sourcecode.c.h; path = MineViewController.h; sourceTree = "<group>"; };
		19F0664E1F7DF28E008D2AD3 /* MineViewController.m */ = {isa = PBXFileReference; fileEncoding = 4; lastKnownFileType = sourcecode.c.objc; path = MineViewController.m; sourceTree = "<group>"; };
		19F066501F7DF29A008D2AD3 /* ForumViewController.h */ = {isa = PBXFileReference; fileEncoding = 4; lastKnownFileType = sourcecode.c.h; path = ForumViewController.h; sourceTree = "<group>"; };
		19F066511F7DF29A008D2AD3 /* ForumViewController.m */ = {isa = PBXFileReference; fileEncoding = 4; lastKnownFileType = sourcecode.c.objc; path = ForumViewController.m; sourceTree = "<group>"; };
		19F066531F7DF9EC008D2AD3 /* DeviceDetailViewController.h */ = {isa = PBXFileReference; fileEncoding = 4; lastKnownFileType = sourcecode.c.h; path = DeviceDetailViewController.h; sourceTree = "<group>"; };
		19F066541F7DF9EC008D2AD3 /* DeviceDetailViewController.m */ = {isa = PBXFileReference; fileEncoding = 4; lastKnownFileType = sourcecode.c.objc; path = DeviceDetailViewController.m; sourceTree = "<group>"; };
		1E3932F51FE786CA070094C0 /* libPods-ma2.a */ = {isa = PBXFileReference; explicitFileType = archive.ar; includeInIndex = 0; path = "libPods-ma2.a"; sourceTree = BUILT_PRODUCTS_DIR; };
		7D62EAAF160C3B5273F55DBB /* Pods-ma2.release.xcconfig */ = {isa = PBXFileReference; includeInIndex = 1; lastKnownFileType = text.xcconfig; name = "Pods-ma2.release.xcconfig"; path = "Pods/Target Support Files/Pods-ma2/Pods-ma2.release.xcconfig"; sourceTree = "<group>"; };
		D753B41E1F16616700557A4D /* logo.jpg */ = {isa = PBXFileReference; lastKnownFileType = image.jpeg; path = logo.jpg; sourceTree = "<group>"; };
		D7FD594B1F152C460043D4E5 /* stdafx_MaZongApp.h */ = {isa = PBXFileReference; lastKnownFileType = sourcecode.c.h; path = stdafx_MaZongApp.h; sourceTree = "<group>"; };
		D7FD594D1F152CCF0043D4E5 /* DeviceModel.h */ = {isa = PBXFileReference; fileEncoding = 4; lastKnownFileType = sourcecode.c.h; path = DeviceModel.h; sourceTree = "<group>"; };
		D7FD594E1F152CCF0043D4E5 /* DeviceModel.m */ = {isa = PBXFileReference; fileEncoding = 4; lastKnownFileType = sourcecode.c.objc; path = DeviceModel.m; sourceTree = "<group>"; };
		D7FD594F1F152CCF0043D4E5 /* User.h */ = {isa = PBXFileReference; fileEncoding = 4; lastKnownFileType = sourcecode.c.h; path = User.h; sourceTree = "<group>"; };
		D7FD59501F152CCF0043D4E5 /* User.m */ = {isa = PBXFileReference; fileEncoding = 4; lastKnownFileType = sourcecode.c.objc; path = User.m; sourceTree = "<group>"; };
		D7FD595D1F154FE30043D4E5 /* ForumTableViewCell.h */ = {isa = PBXFileReference; fileEncoding = 4; lastKnownFileType = sourcecode.c.h; path = ForumTableViewCell.h; sourceTree = "<group>"; };
		D7FD595E1F154FE30043D4E5 /* ForumTableViewCell.m */ = {isa = PBXFileReference; fileEncoding = 4; lastKnownFileType = sourcecode.c.objc; path = ForumTableViewCell.m; sourceTree = "<group>"; };
		D7FD59601F1551670043D4E5 /* ForumBodyView.h */ = {isa = PBXFileReference; fileEncoding = 4; lastKnownFileType = sourcecode.c.h; path = ForumBodyView.h; sourceTree = "<group>"; };
		D7FD59611F1551670043D4E5 /* ForumBodyView.m */ = {isa = PBXFileReference; fileEncoding = 4; lastKnownFileType = sourcecode.c.objc; path = ForumBodyView.m; sourceTree = "<group>"; };
		D7FD59661F1552D50043D4E5 /* MBProgressHUD+PY.h */ = {isa = PBXFileReference; fileEncoding = 4; lastKnownFileType = sourcecode.c.h; path = "MBProgressHUD+PY.h"; sourceTree = "<group>"; };
		D7FD59671F1552D50043D4E5 /* MBProgressHUD+PY.m */ = {isa = PBXFileReference; fileEncoding = 4; lastKnownFileType = sourcecode.c.objc; path = "MBProgressHUD+PY.m"; sourceTree = "<group>"; };
		D7FD59681F1552D50043D4E5 /* UIView+PYExtension.h */ = {isa = PBXFileReference; fileEncoding = 4; lastKnownFileType = sourcecode.c.h; path = "UIView+PYExtension.h"; sourceTree = "<group>"; };
		D7FD59691F1552D50043D4E5 /* UIView+PYExtension.m */ = {isa = PBXFileReference; fileEncoding = 4; lastKnownFileType = sourcecode.c.objc; path = "UIView+PYExtension.m"; sourceTree = "<group>"; };
		D7FD596B1F1552D50043D4E5 /* PYNavigationController.h */ = {isa = PBXFileReference; fileEncoding = 4; lastKnownFileType = sourcecode.c.h; path = PYNavigationController.h; sourceTree = "<group>"; };
		D7FD596C1F1552D50043D4E5 /* PYNavigationController.m */ = {isa = PBXFileReference; fileEncoding = 4; lastKnownFileType = sourcecode.c.objc; path = PYNavigationController.m; sourceTree = "<group>"; };
		D7FD596D1F1552D50043D4E5 /* PYPhotosPreviewController.h */ = {isa = PBXFileReference; fileEncoding = 4; lastKnownFileType = sourcecode.c.h; path = PYPhotosPreviewController.h; sourceTree = "<group>"; };
		D7FD596E1F1552D50043D4E5 /* PYPhotosPreviewController.m */ = {isa = PBXFileReference; fileEncoding = 4; lastKnownFileType = sourcecode.c.objc; path = PYPhotosPreviewController.m; sourceTree = "<group>"; };
		D7FD596F1F1552D50043D4E5 /* PYPhotosReaderController.h */ = {isa = PBXFileReference; fileEncoding = 4; lastKnownFileType = sourcecode.c.h; path = PYPhotosReaderController.h; sourceTree = "<group>"; };
		D7FD59701F1552D50043D4E5 /* PYPhotosReaderController.m */ = {isa = PBXFileReference; fileEncoding = 4; lastKnownFileType = sourcecode.c.objc; path = PYPhotosReaderController.m; sourceTree = "<group>"; };
		D7FD59711F1552D50043D4E5 /* PYPhotosViewController.h */ = {isa = PBXFileReference; fileEncoding = 4; lastKnownFileType = sourcecode.c.h; path = PYPhotosViewController.h; sourceTree = "<group>"; };
		D7FD59721F1552D50043D4E5 /* PYPhotosViewController.m */ = {isa = PBXFileReference; fileEncoding = 4; lastKnownFileType = sourcecode.c.objc; path = PYPhotosViewController.m; sourceTree = "<group>"; };
		D7FD59741F1552D50043D4E5 /* PYPhoto.h */ = {isa = PBXFileReference; fileEncoding = 4; lastKnownFileType = sourcecode.c.h; path = PYPhoto.h; sourceTree = "<group>"; };
		D7FD59751F1552D50043D4E5 /* PYPhoto.m */ = {isa = PBXFileReference; fileEncoding = 4; lastKnownFileType = sourcecode.c.objc; path = PYPhoto.m; sourceTree = "<group>"; };
		D7FD59771F1552D50043D4E5 /* PYConst.h */ = {isa = PBXFileReference; fileEncoding = 4; lastKnownFileType = sourcecode.c.h; path = PYConst.h; sourceTree = "<group>"; };
		D7FD59781F1552D50043D4E5 /* PYConst.m */ = {isa = PBXFileReference; fileEncoding = 4; lastKnownFileType = sourcecode.c.objc; path = PYConst.m; sourceTree = "<group>"; };
		D7FD59791F1552D50043D4E5 /* PYProgressView.h */ = {isa = PBXFileReference; fileEncoding = 4; lastKnownFileType = sourcecode.c.h; path = PYProgressView.h; sourceTree = "<group>"; };
		D7FD597A1F1552D50043D4E5 /* PYProgressView.m */ = {isa = PBXFileReference; fileEncoding = 4; lastKnownFileType = sourcecode.c.objc; path = PYProgressView.m; sourceTree = "<group>"; };
		D7FD597B1F1552D50043D4E5 /* PYPhotoBrowser.h */ = {isa = PBXFileReference; fileEncoding = 4; lastKnownFileType = sourcecode.c.h; path = PYPhotoBrowser.h; sourceTree = "<group>"; };
		D7FD597C1F1552D50043D4E5 /* PYPhotosView.bundle */ = {isa = PBXFileReference; lastKnownFileType = "wrapper.plug-in"; path = PYPhotosView.bundle; sourceTree = "<group>"; };
		D7FD597E1F1552D50043D4E5 /* PYPhotoBrowseView.h */ = {isa = PBXFileReference; fileEncoding = 4; lastKnownFileType = sourcecode.c.h; path = PYPhotoBrowseView.h; sourceTree = "<group>"; };
		D7FD597F1F1552D50043D4E5 /* PYPhotoBrowseView.m */ = {isa = PBXFileReference; fileEncoding = 4; lastKnownFileType = sourcecode.c.objc; path = PYPhotoBrowseView.m; sourceTree = "<group>"; };
		D7FD59801F1552D50043D4E5 /* PYPhotoCell.h */ = {isa = PBXFileReference; fileEncoding = 4; lastKnownFileType = sourcecode.c.h; path = PYPhotoCell.h; sourceTree = "<group>"; };
		D7FD59811F1552D50043D4E5 /* PYPhotoCell.m */ = {isa = PBXFileReference; fileEncoding = 4; lastKnownFileType = sourcecode.c.objc; path = PYPhotoCell.m; sourceTree = "<group>"; };
		D7FD59821F1552D50043D4E5 /* PYPhotosView.h */ = {isa = PBXFileReference; fileEncoding = 4; lastKnownFileType = sourcecode.c.h; path = PYPhotosView.h; sourceTree = "<group>"; };
		D7FD59831F1552D50043D4E5 /* PYPhotosView.m */ = {isa = PBXFileReference; fileEncoding = 4; lastKnownFileType = sourcecode.c.objc; path = PYPhotosView.m; sourceTree = "<group>"; };
		D7FD59841F1552D50043D4E5 /* PYPhotoView.h */ = {isa = PBXFileReference; fileEncoding = 4; lastKnownFileType = sourcecode.c.h; path = PYPhotoView.h; sourceTree = "<group>"; };
		D7FD59851F1552D50043D4E5 /* PYPhotoView.m */ = {isa = PBXFileReference; fileEncoding = 4; lastKnownFileType = sourcecode.c.objc; path = PYPhotoView.m; sourceTree = "<group>"; };
		D7FD59941F1553BB0043D4E5 /* ForumToolBarView.h */ = {isa = PBXFileReference; fileEncoding = 4; lastKnownFileType = sourcecode.c.h; path = ForumToolBarView.h; sourceTree = "<group>"; };
		D7FD59951F1553BB0043D4E5 /* ForumToolBarView.m */ = {isa = PBXFileReference; fileEncoding = 4; lastKnownFileType = sourcecode.c.objc; path = ForumToolBarView.m; sourceTree = "<group>"; };
		D7FD59971F1554490043D4E5 /* UIColor+HexString.h */ = {isa = PBXFileReference; fileEncoding = 4; lastKnownFileType = sourcecode.c.h; path = "UIColor+HexString.h"; sourceTree = "<group>"; };
		D7FD59981F1554490043D4E5 /* UIColor+HexString.m */ = {isa = PBXFileReference; fileEncoding = 4; lastKnownFileType = sourcecode.c.objc; path = "UIColor+HexString.m"; sourceTree = "<group>"; };
		D7FD599A1F1555230043D4E5 /* ForumViewModel.h */ = {isa = PBXFileReference; fileEncoding = 4; lastKnownFileType = sourcecode.c.h; path = ForumViewModel.h; sourceTree = "<group>"; };
		D7FD599B1F1555230043D4E5 /* ForumViewModel.m */ = {isa = PBXFileReference; fileEncoding = 4; lastKnownFileType = sourcecode.c.objc; path = ForumViewModel.m; sourceTree = "<group>"; };
		D7FD599D1F1555F10043D4E5 /* ForumRecord.h */ = {isa = PBXFileReference; fileEncoding = 4; lastKnownFileType = sourcecode.c.h; path = ForumRecord.h; sourceTree = "<group>"; };
		D7FD599E1F1555F10043D4E5 /* ForumRecord.m */ = {isa = PBXFileReference; fileEncoding = 4; lastKnownFileType = sourcecode.c.objc; path = ForumRecord.m; sourceTree = "<group>"; };
		D7FD59AE1F1559810043D4E5 /* DACircularProgressView.h */ = {isa = PBXFileReference; fileEncoding = 4; lastKnownFileType = sourcecode.c.h; path = DACircularProgressView.h; sourceTree = "<group>"; };
		D7FD59AF1F1559810043D4E5 /* DACircularProgressView.m */ = {isa = PBXFileReference; fileEncoding = 4; lastKnownFileType = sourcecode.c.objc; path = DACircularProgressView.m; sourceTree = "<group>"; };
		D7FD59B01F1559810043D4E5 /* DALabeledCircularProgressView.h */ = {isa = PBXFileReference; fileEncoding = 4; lastKnownFileType = sourcecode.c.h; path = DALabeledCircularProgressView.h; sourceTree = "<group>"; };
		D7FD59B11F1559810043D4E5 /* DALabeledCircularProgressView.m */ = {isa = PBXFileReference; fileEncoding = 4; lastKnownFileType = sourcecode.c.objc; path = DALabeledCircularProgressView.m; sourceTree = "<group>"; };
		D7FD59F01F155B3B0043D4E5 /* longyu.jpg */ = {isa = PBXFileReference; lastKnownFileType = image.jpeg; path = longyu.jpg; sourceTree = "<group>"; };
		D7FD59F11F155B3B0043D4E5 /* up1.jpg */ = {isa = PBXFileReference; lastKnownFileType = image.jpeg; path = up1.jpg; sourceTree = "<group>"; };
		D7FD59F21F155B3B0043D4E5 /* up2.jpg */ = {isa = PBXFileReference; lastKnownFileType = image.jpeg; path = up2.jpg; sourceTree = "<group>"; };
		D7FD59F31F155B3B0043D4E5 /* up3.jpg */ = {isa = PBXFileReference; lastKnownFileType = image.jpeg; path = up3.jpg; sourceTree = "<group>"; };
		D7FD59F81F155CED0043D4E5 /* Moments.plist */ = {isa = PBXFileReference; fileEncoding = 4; lastKnownFileType = text.plist.xml; path = Moments.plist; sourceTree = "<group>"; };
		E9D5E0F7D42DD34B455D74B5 /* Pods-ma2.debug.xcconfig */ = {isa = PBXFileReference; includeInIndex = 1; lastKnownFileType = text.xcconfig; name = "Pods-ma2.debug.xcconfig"; path = "Pods/Target Support Files/Pods-ma2/Pods-ma2.debug.xcconfig"; sourceTree = "<group>"; };
/* End PBXFileReference section */

/* Begin PBXFrameworksBuildPhase section */
		1902B59C1F14D8E600D5CD36 /* Frameworks */ = {
			isa = PBXFrameworksBuildPhase;
			buildActionMask = 2147483647;
			files = (
				0351A5C5AD032080B8171F2C /* libPods-ma2.a in Frameworks */,
			);
			runOnlyForDeploymentPostprocessing = 0;
		};
/* End PBXFrameworksBuildPhase section */

/* Begin PBXGroup section */
		1902B5961F14D8E600D5CD36 = {
			isa = PBXGroup;
			children = (
				D7FD59EF1F155B3B0043D4E5 /* res */,
				1902B5A11F14D8E600D5CD36 /* ma2 */,
				1902B5A01F14D8E600D5CD36 /* Products */,
				5B33B49B82DAE8CF1D192664 /* Pods */,
				F05E69B96E6355943A52209D /* Frameworks */,
			);
			sourceTree = "<group>";
		};
		1902B5A01F14D8E600D5CD36 /* Products */ = {
			isa = PBXGroup;
			children = (
				1902B59F1F14D8E600D5CD36 /* ma2.app */,
			);
			name = Products;
			sourceTree = "<group>";
		};
		1902B5A11F14D8E600D5CD36 /* ma2 */ = {
			isa = PBXGroup;
			children = (
				1902B5C31F15F74800D5CD36 /* util */,
				1902B5BC1F15F61000D5CD36 /* controller */,
				D7FD59631F1552460043D4E5 /* lib */,
				D7FD595C1F154FC10043D4E5 /* view */,
				D7FD594C1F152CC10043D4E5 /* model */,
				D7FD594B1F152C460043D4E5 /* stdafx_MaZongApp.h */,
				1902B5A51F14D8E600D5CD36 /* AppDelegate.h */,
				1902B5A61F14D8E600D5CD36 /* AppDelegate.m */,
				1902B5AE1F14D8E600D5CD36 /* Assets.xcassets */,
				1902B5B31F14D8E600D5CD36 /* Info.plist */,
				1902B5A21F14D8E600D5CD36 /* Supporting Files */,
			);
			path = ma2;
			sourceTree = "<group>";
		};
		1902B5A21F14D8E600D5CD36 /* Supporting Files */ = {
			isa = PBXGroup;
			children = (
				D7FD59F81F155CED0043D4E5 /* Moments.plist */,
				1902B5A31F14D8E600D5CD36 /* main.m */,
			);
			name = "Supporting Files";
			sourceTree = "<group>";
		};
		1902B5BC1F15F61000D5CD36 /* controller */ = {
			isa = PBXGroup;
			children = (
				1902B5BD1F15F6A500D5CD36 /* AddDeviceViewController.h */,
				1902B5BE1F15F6A500D5CD36 /* AddDeviceViewController.m */,
				1941943D1F1625D000DE4748 /* ChangePassViewController.h */,
				1941943E1F1625D000DE4748 /* ChangePassViewController.m */,
				1902B5C01F15F71000D5CD36 /* ConfigWifiViewController.h */,
				1902B5C11F15F71000D5CD36 /* ConfigWifiViewController.m */,
				19F066531F7DF9EC008D2AD3 /* DeviceDetailViewController.h */,
				19F066541F7DF9EC008D2AD3 /* DeviceDetailViewController.m */,
				19F0664A1F7DF283008D2AD3 /* DevicesViewController.h */,
				19F0664B1F7DF283008D2AD3 /* DevicesViewController.m */,
				19F066501F7DF29A008D2AD3 /* ForumViewController.h */,
				19F066511F7DF29A008D2AD3 /* ForumViewController.m */,
				194194401F162A4000DE4748 /* LoginViewViewController.h */,
				194194411F162A4000DE4748 /* LoginViewViewController.m */,
				19F0664D1F7DF28E008D2AD3 /* MineViewController.h */,
				19F0664E1F7DF28E008D2AD3 /* MineViewController.m */,
				1941944C1F17141100DE4748 /* RegisterViewController.h */,
				1941944D1F17141100DE4748 /* RegisterViewController.m */,
				19F066471F7D0872008D2AD3 /* RetrievePassViewController.h */,
				19F066481F7D0872008D2AD3 /* RetrievePassViewController.m */,
				1902B5B91F14DA8300D5CD36 /* RootViewController.h */,
				1902B5BA1F14DA8300D5CD36 /* RootViewController.m */,
			);
			name = controller;
			sourceTree = "<group>";
		};
		1902B5C31F15F74800D5CD36 /* util */ = {
			isa = PBXGroup;
			children = (
				1902B5C41F15F76C00D5CD36 /* EGORefreshTableHeaderView.h */,
				1902B5C51F15F76C00D5CD36 /* EGORefreshTableHeaderView.m */,
				1902B5C61F15F76C00D5CD36 /* YLCommon.h */,
				1902B5C71F15F76C00D5CD36 /* YLCommon.m */,
				1902B5C81F15F76C00D5CD36 /* YLLocationManager.h */,
				1902B5C91F15F76C00D5CD36 /* YLLocationManager.m */,
				1902B5CA1F15F76C00D5CD36 /* YLLog.h */,
				1902B5CB1F15F76C00D5CD36 /* YLLog.m */,
				1902B5CC1F15F76C00D5CD36 /* YLToast.h */,
				1902B5CD1F15F76C00D5CD36 /* YLToast.m */,
			);
			name = util;
			sourceTree = "<group>";
		};
		5B33B49B82DAE8CF1D192664 /* Pods */ = {
			isa = PBXGroup;
			children = (
				E9D5E0F7D42DD34B455D74B5 /* Pods-ma2.debug.xcconfig */,
				7D62EAAF160C3B5273F55DBB /* Pods-ma2.release.xcconfig */,
			);
			name = Pods;
			sourceTree = "<group>";
		};
		D7FD594C1F152CC10043D4E5 /* model */ = {
			isa = PBXGroup;
			children = (
				D7FD594D1F152CCF0043D4E5 /* DeviceModel.h */,
				D7FD594E1F152CCF0043D4E5 /* DeviceModel.m */,
				D7FD594F1F152CCF0043D4E5 /* User.h */,
				D7FD59501F152CCF0043D4E5 /* User.m */,
				D7FD599D1F1555F10043D4E5 /* ForumRecord.h */,
				D7FD599E1F1555F10043D4E5 /* ForumRecord.m */,
			);
			name = model;
			sourceTree = "<group>";
		};
		D7FD595C1F154FC10043D4E5 /* view */ = {
			isa = PBXGroup;
			children = (
				D7FD595D1F154FE30043D4E5 /* ForumTableViewCell.h */,
				D7FD595E1F154FE30043D4E5 /* ForumTableViewCell.m */,
				D7FD599A1F1555230043D4E5 /* ForumViewModel.h */,
				D7FD599B1F1555230043D4E5 /* ForumViewModel.m */,
				D7FD59601F1551670043D4E5 /* ForumBodyView.h */,
				D7FD59611F1551670043D4E5 /* ForumBodyView.m */,
				D7FD59941F1553BB0043D4E5 /* ForumToolBarView.h */,
				D7FD59951F1553BB0043D4E5 /* ForumToolBarView.m */,
			);
			name = view;
			sourceTree = "<group>";
		};
		D7FD59631F1552460043D4E5 /* lib */ = {
			isa = PBXGroup;
			children = (
				D7FD59641F1552D50043D4E5 /* PYPhotoBrowser */,
				D7FD59AD1F1559810043D4E5 /* DACircularProgress */,
				D7FD59971F1554490043D4E5 /* UIColor+HexString.h */,
				D7FD59981F1554490043D4E5 /* UIColor+HexString.m */,
			);
			name = lib;
			sourceTree = "<group>";
		};
		D7FD59641F1552D50043D4E5 /* PYPhotoBrowser */ = {
			isa = PBXGroup;
			children = (
				D7FD59651F1552D50043D4E5 /* Category */,
				D7FD596A1F1552D50043D4E5 /* Controller */,
				D7FD59731F1552D50043D4E5 /* Model */,
				D7FD59761F1552D50043D4E5 /* Other */,
				D7FD597B1F1552D50043D4E5 /* PYPhotoBrowser.h */,
				D7FD597C1F1552D50043D4E5 /* PYPhotosView.bundle */,
				D7FD597D1F1552D50043D4E5 /* View */,
			);
			path = PYPhotoBrowser;
			sourceTree = "<group>";
		};
		D7FD59651F1552D50043D4E5 /* Category */ = {
			isa = PBXGroup;
			children = (
				D7FD59661F1552D50043D4E5 /* MBProgressHUD+PY.h */,
				D7FD59671F1552D50043D4E5 /* MBProgressHUD+PY.m */,
				D7FD59681F1552D50043D4E5 /* UIView+PYExtension.h */,
				D7FD59691F1552D50043D4E5 /* UIView+PYExtension.m */,
			);
			path = Category;
			sourceTree = "<group>";
		};
		D7FD596A1F1552D50043D4E5 /* Controller */ = {
			isa = PBXGroup;
			children = (
				D7FD596B1F1552D50043D4E5 /* PYNavigationController.h */,
				D7FD596C1F1552D50043D4E5 /* PYNavigationController.m */,
				D7FD596D1F1552D50043D4E5 /* PYPhotosPreviewController.h */,
				D7FD596E1F1552D50043D4E5 /* PYPhotosPreviewController.m */,
				D7FD596F1F1552D50043D4E5 /* PYPhotosReaderController.h */,
				D7FD59701F1552D50043D4E5 /* PYPhotosReaderController.m */,
				D7FD59711F1552D50043D4E5 /* PYPhotosViewController.h */,
				D7FD59721F1552D50043D4E5 /* PYPhotosViewController.m */,
			);
			path = Controller;
			sourceTree = "<group>";
		};
		D7FD59731F1552D50043D4E5 /* Model */ = {
			isa = PBXGroup;
			children = (
				D7FD59741F1552D50043D4E5 /* PYPhoto.h */,
				D7FD59751F1552D50043D4E5 /* PYPhoto.m */,
			);
			path = Model;
			sourceTree = "<group>";
		};
		D7FD59761F1552D50043D4E5 /* Other */ = {
			isa = PBXGroup;
			children = (
				D7FD59771F1552D50043D4E5 /* PYConst.h */,
				D7FD59781F1552D50043D4E5 /* PYConst.m */,
				D7FD59791F1552D50043D4E5 /* PYProgressView.h */,
				D7FD597A1F1552D50043D4E5 /* PYProgressView.m */,
			);
			path = Other;
			sourceTree = "<group>";
		};
		D7FD597D1F1552D50043D4E5 /* View */ = {
			isa = PBXGroup;
			children = (
				D7FD597E1F1552D50043D4E5 /* PYPhotoBrowseView.h */,
				D7FD597F1F1552D50043D4E5 /* PYPhotoBrowseView.m */,
				D7FD59801F1552D50043D4E5 /* PYPhotoCell.h */,
				D7FD59811F1552D50043D4E5 /* PYPhotoCell.m */,
				D7FD59821F1552D50043D4E5 /* PYPhotosView.h */,
				D7FD59831F1552D50043D4E5 /* PYPhotosView.m */,
				D7FD59841F1552D50043D4E5 /* PYPhotoView.h */,
				D7FD59851F1552D50043D4E5 /* PYPhotoView.m */,
			);
			path = View;
			sourceTree = "<group>";
		};
		D7FD59AD1F1559810043D4E5 /* DACircularProgress */ = {
			isa = PBXGroup;
			children = (
				D7FD59AE1F1559810043D4E5 /* DACircularProgressView.h */,
				D7FD59AF1F1559810043D4E5 /* DACircularProgressView.m */,
				D7FD59B01F1559810043D4E5 /* DALabeledCircularProgressView.h */,
				D7FD59B11F1559810043D4E5 /* DALabeledCircularProgressView.m */,
			);
			path = DACircularProgress;
			sourceTree = "<group>";
		};
		D7FD59EF1F155B3B0043D4E5 /* res */ = {
			isa = PBXGroup;
			children = (
				D753B41E1F16616700557A4D /* logo.jpg */,
				D7FD59F01F155B3B0043D4E5 /* longyu.jpg */,
				D7FD59F11F155B3B0043D4E5 /* up1.jpg */,
				D7FD59F21F155B3B0043D4E5 /* up2.jpg */,
				D7FD59F31F155B3B0043D4E5 /* up3.jpg */,
			);
			name = res;
			path = ../res;
			sourceTree = "<group>";
		};
		F05E69B96E6355943A52209D /* Frameworks */ = {
			isa = PBXGroup;
			children = (
				1E3932F51FE786CA070094C0 /* libPods-ma2.a */,
			);
			name = Frameworks;
			sourceTree = "<group>";
		};
/* End PBXGroup section */

/* Begin PBXNativeTarget section */
		1902B59E1F14D8E600D5CD36 /* ma2 */ = {
			isa = PBXNativeTarget;
			buildConfigurationList = 1902B5B61F14D8E600D5CD36 /* Build configuration list for PBXNativeTarget "ma2" */;
			buildPhases = (
				B2705CEA5DC8013EC217FED1 /* [CP] Check Pods Manifest.lock */,
				1902B59B1F14D8E600D5CD36 /* Sources */,
				1902B59C1F14D8E600D5CD36 /* Frameworks */,
				1902B59D1F14D8E600D5CD36 /* Resources */,
				610F27359AC2D3B29033125A /* [CP] Embed Pods Frameworks */,
				B8BBC04CF5DEA44DFF9B810A /* [CP] Copy Pods Resources */,
			);
			buildRules = (
			);
			dependencies = (
			);
			name = ma2;
			productName = ma2;
			productReference = 1902B59F1F14D8E600D5CD36 /* ma2.app */;
			productType = "com.apple.product-type.application";
		};
/* End PBXNativeTarget section */

/* Begin PBXProject section */
		1902B5971F14D8E600D5CD36 /* Project object */ = {
			isa = PBXProject;
			attributes = {
				LastUpgradeCheck = 0820;
				ORGANIZATIONNAME = fanyunlong;
				TargetAttributes = {
					1902B59E1F14D8E600D5CD36 = {
						CreatedOnToolsVersion = 8.2;
						DevelopmentTeam = CE7XVR5S2V;
						ProvisioningStyle = Manual;
					};
				};
			};
			buildConfigurationList = 1902B59A1F14D8E600D5CD36 /* Build configuration list for PBXProject "ma2" */;
			compatibilityVersion = "Xcode 3.2";
			developmentRegion = English;
			hasScannedForEncodings = 0;
			knownRegions = (
				en,
				Base,
			);
			mainGroup = 1902B5961F14D8E600D5CD36;
			productRefGroup = 1902B5A01F14D8E600D5CD36 /* Products */;
			projectDirPath = "";
			projectRoot = "";
			targets = (
				1902B59E1F14D8E600D5CD36 /* ma2 */,
			);
		};
/* End PBXProject section */

/* Begin PBXResourcesBuildPhase section */
		1902B59D1F14D8E600D5CD36 /* Resources */ = {
			isa = PBXResourcesBuildPhase;
			buildActionMask = 2147483647;
			files = (
				D753B41F1F16616700557A4D /* logo.jpg in Resources */,
				D7FD59F71F155B3B0043D4E5 /* up3.jpg in Resources */,
				D7FD59F51F155B3B0043D4E5 /* up1.jpg in Resources */,
				D7FD59F91F155CED0043D4E5 /* Moments.plist in Resources */,
				1902B5AF1F14D8E600D5CD36 /* Assets.xcassets in Resources */,
				D7FD598F1F1552D50043D4E5 /* PYPhotosView.bundle in Resources */,
				D7FD59F61F155B3B0043D4E5 /* up2.jpg in Resources */,
				D7FD59F41F155B3B0043D4E5 /* longyu.jpg in Resources */,
			);
			runOnlyForDeploymentPostprocessing = 0;
		};
/* End PBXResourcesBuildPhase section */

/* Begin PBXShellScriptBuildPhase section */
		610F27359AC2D3B29033125A /* [CP] Embed Pods Frameworks */ = {
			isa = PBXShellScriptBuildPhase;
			buildActionMask = 2147483647;
			files = (
			);
			inputPaths = (
			);
			name = "[CP] Embed Pods Frameworks";
			outputPaths = (
			);
			runOnlyForDeploymentPostprocessing = 0;
			shellPath = /bin/sh;
			shellScript = "\"${SRCROOT}/Pods/Target Support Files/Pods-ma2/Pods-ma2-frameworks.sh\"\n";
			showEnvVarsInLog = 0;
		};
		B2705CEA5DC8013EC217FED1 /* [CP] Check Pods Manifest.lock */ = {
			isa = PBXShellScriptBuildPhase;
			buildActionMask = 2147483647;
			files = (
			);
			inputPaths = (
				"${PODS_PODFILE_DIR_PATH}/Podfile.lock",
				"${PODS_ROOT}/Manifest.lock",
			);
			name = "[CP] Check Pods Manifest.lock";
			outputPaths = (
				"$(DERIVED_FILE_DIR)/Pods-ma2-checkManifestLockResult.txt",
			);
			runOnlyForDeploymentPostprocessing = 0;
			shellPath = /bin/sh;
			shellScript = "diff \"${PODS_PODFILE_DIR_PATH}/Podfile.lock\" \"${PODS_ROOT}/Manifest.lock\" > /dev/null\nif [ $? != 0 ] ; then\n    # print error to STDERR\n    echo \"error: The sandbox is not in sync with the Podfile.lock. Run 'pod install' or update your CocoaPods installation.\" >&2\n    exit 1\nfi\n# This output is used by Xcode 'outputs' to avoid re-running this script phase.\necho \"SUCCESS\" > \"${SCRIPT_OUTPUT_FILE_0}\"\n";
			showEnvVarsInLog = 0;
		};
		B8BBC04CF5DEA44DFF9B810A /* [CP] Copy Pods Resources */ = {
			isa = PBXShellScriptBuildPhase;
			buildActionMask = 2147483647;
			files = (
			);
			inputPaths = (
			);
			name = "[CP] Copy Pods Resources";
			outputPaths = (
			);
			runOnlyForDeploymentPostprocessing = 0;
			shellPath = /bin/sh;
			shellScript = "\"${SRCROOT}/Pods/Target Support Files/Pods-ma2/Pods-ma2-resources.sh\"\n";
			showEnvVarsInLog = 0;
		};
/* End PBXShellScriptBuildPhase section */

/* Begin PBXSourcesBuildPhase section */
		1902B59B1F14D8E600D5CD36 /* Sources */ = {
			isa = PBXSourcesBuildPhase;
			buildActionMask = 2147483647;
			files = (
				D7FD59521F152CCF0043D4E5 /* User.m in Sources */,
				D7FD59B31F1559810043D4E5 /* DALabeledCircularProgressView.m in Sources */,
				D7FD598C1F1552D50043D4E5 /* PYPhoto.m in Sources */,
				1902B5CF1F15F76C00D5CD36 /* YLCommon.m in Sources */,
				1902B5A71F14D8E600D5CD36 /* AppDelegate.m in Sources */,
				D7FD59881F1552D50043D4E5 /* PYNavigationController.m in Sources */,
				1902B5D01F15F76C00D5CD36 /* YLLocationManager.m in Sources */,
				D7FD598E1F1552D50043D4E5 /* PYProgressView.m in Sources */,
				19F066551F7DF9EC008D2AD3 /* DeviceDetailViewController.m in Sources */,
				19F066521F7DF29A008D2AD3 /* ForumViewController.m in Sources */,
				19F0664C1F7DF283008D2AD3 /* DevicesViewController.m in Sources */,
				D7FD59511F152CCF0043D4E5 /* DeviceModel.m in Sources */,
				1902B5C21F15F71000D5CD36 /* ConfigWifiViewController.m in Sources */,
				D7FD595F1F154FE30043D4E5 /* ForumTableViewCell.m in Sources */,
				D7FD59911F1552D50043D4E5 /* PYPhotoCell.m in Sources */,
				D7FD599F1F1555F10043D4E5 /* ForumRecord.m in Sources */,
				D7FD59991F1554490043D4E5 /* UIColor+HexString.m in Sources */,
				19F0664F1F7DF28E008D2AD3 /* MineViewController.m in Sources */,
				D7FD59621F1551670043D4E5 /* ForumBodyView.m in Sources */,
				1902B5BF1F15F6A500D5CD36 /* AddDeviceViewController.m in Sources */,
				19F066491F7D0872008D2AD3 /* RetrievePassViewController.m in Sources */,
				D7FD59961F1553BB0043D4E5 /* ForumToolBarView.m in Sources */,
				1902B5A41F14D8E600D5CD36 /* main.m in Sources */,
				D7FD59901F1552D50043D4E5 /* PYPhotoBrowseView.m in Sources */,
				D7FD59861F1552D50043D4E5 /* MBProgressHUD+PY.m in Sources */,
				D7FD598D1F1552D50043D4E5 /* PYConst.m in Sources */,
				D7FD59871F1552D50043D4E5 /* UIView+PYExtension.m in Sources */,
				D7FD599C1F1555230043D4E5 /* ForumViewModel.m in Sources */,
				1902B5D21F15F76C00D5CD36 /* YLToast.m in Sources */,
				D7FD59931F1552D50043D4E5 /* PYPhotoView.m in Sources */,
				D7FD59921F1552D50043D4E5 /* PYPhotosView.m in Sources */,
				1941944E1F17141100DE4748 /* RegisterViewController.m in Sources */,
				D7FD59891F1552D50043D4E5 /* PYPhotosPreviewController.m in Sources */,
				194194421F162A4000DE4748 /* LoginViewViewController.m in Sources */,
				D7FD598A1F1552D50043D4E5 /* PYPhotosReaderController.m in Sources */,
				1941943F1F1625D000DE4748 /* ChangePassViewController.m in Sources */,
				1902B5D11F15F76C00D5CD36 /* YLLog.m in Sources */,
				1902B5BB1F14DA8300D5CD36 /* RootViewController.m in Sources */,
				D7FD598B1F1552D50043D4E5 /* PYPhotosViewController.m in Sources */,
				1902B5CE1F15F76C00D5CD36 /* EGORefreshTableHeaderView.m in Sources */,
				D7FD59B21F1559810043D4E5 /* DACircularProgressView.m in Sources */,
			);
			runOnlyForDeploymentPostprocessing = 0;
		};
/* End PBXSourcesBuildPhase section */

/* Begin XCBuildConfiguration section */
		1902B5B41F14D8E600D5CD36 /* Debug */ = {
			isa = XCBuildConfiguration;
			buildSettings = {
				ALWAYS_SEARCH_USER_PATHS = NO;
				CLANG_ANALYZER_NONNULL = YES;
				CLANG_CXX_LANGUAGE_STANDARD = "gnu++0x";
				CLANG_CXX_LIBRARY = "libc++";
				CLANG_ENABLE_MODULES = YES;
				CLANG_ENABLE_OBJC_ARC = YES;
				CLANG_WARN_BOOL_CONVERSION = YES;
				CLANG_WARN_CONSTANT_CONVERSION = YES;
				CLANG_WARN_DIRECT_OBJC_ISA_USAGE = YES_ERROR;
				CLANG_WARN_DOCUMENTATION_COMMENTS = YES;
				CLANG_WARN_EMPTY_BODY = YES;
				CLANG_WARN_ENUM_CONVERSION = YES;
				CLANG_WARN_INFINITE_RECURSION = YES;
				CLANG_WARN_INT_CONVERSION = YES;
				CLANG_WARN_OBJC_ROOT_CLASS = YES_ERROR;
				CLANG_WARN_SUSPICIOUS_MOVE = YES;
				CLANG_WARN_UNREACHABLE_CODE = YES;
				CLANG_WARN__DUPLICATE_METHOD_MATCH = YES;
				"CODE_SIGN_IDENTITY[sdk=iphoneos*]" = "iPhone Developer";
				COPY_PHASE_STRIP = NO;
				DEBUG_INFORMATION_FORMAT = dwarf;
				ENABLE_STRICT_OBJC_MSGSEND = YES;
				ENABLE_TESTABILITY = YES;
				GCC_C_LANGUAGE_STANDARD = gnu99;
				GCC_DYNAMIC_NO_PIC = NO;
				GCC_NO_COMMON_BLOCKS = YES;
				GCC_OPTIMIZATION_LEVEL = 0;
				GCC_PREPROCESSOR_DEFINITIONS = (
					"DEBUG=1",
					"$(inherited)",
				);
				GCC_WARN_64_TO_32_BIT_CONVERSION = YES;
				GCC_WARN_ABOUT_RETURN_TYPE = YES_ERROR;
				GCC_WARN_UNDECLARED_SELECTOR = YES;
				GCC_WARN_UNINITIALIZED_AUTOS = YES_AGGRESSIVE;
				GCC_WARN_UNUSED_FUNCTION = YES;
				GCC_WARN_UNUSED_VARIABLE = YES;
				IPHONEOS_DEPLOYMENT_TARGET = 10.2;
				MTL_ENABLE_DEBUG_INFO = YES;
				ONLY_ACTIVE_ARCH = YES;
				SDKROOT = iphoneos;
			};
			name = Debug;
		};
		1902B5B51F14D8E600D5CD36 /* Release */ = {
			isa = XCBuildConfiguration;
			buildSettings = {
				ALWAYS_SEARCH_USER_PATHS = NO;
				CLANG_ANALYZER_NONNULL = YES;
				CLANG_CXX_LANGUAGE_STANDARD = "gnu++0x";
				CLANG_CXX_LIBRARY = "libc++";
				CLANG_ENABLE_MODULES = YES;
				CLANG_ENABLE_OBJC_ARC = YES;
				CLANG_WARN_BOOL_CONVERSION = YES;
				CLANG_WARN_CONSTANT_CONVERSION = YES;
				CLANG_WARN_DIRECT_OBJC_ISA_USAGE = YES_ERROR;
				CLANG_WARN_DOCUMENTATION_COMMENTS = YES;
				CLANG_WARN_EMPTY_BODY = YES;
				CLANG_WARN_ENUM_CONVERSION = YES;
				CLANG_WARN_INFINITE_RECURSION = YES;
				CLANG_WARN_INT_CONVERSION = YES;
				CLANG_WARN_OBJC_ROOT_CLASS = YES_ERROR;
				CLANG_WARN_SUSPICIOUS_MOVE = YES;
				CLANG_WARN_UNREACHABLE_CODE = YES;
				CLANG_WARN__DUPLICATE_METHOD_MATCH = YES;
				"CODE_SIGN_IDENTITY[sdk=iphoneos*]" = "iPhone Developer";
				COPY_PHASE_STRIP = NO;
				DEBUG_INFORMATION_FORMAT = "dwarf-with-dsym";
				ENABLE_NS_ASSERTIONS = NO;
				ENABLE_STRICT_OBJC_MSGSEND = YES;
				GCC_C_LANGUAGE_STANDARD = gnu99;
				GCC_NO_COMMON_BLOCKS = YES;
				GCC_WARN_64_TO_32_BIT_CONVERSION = YES;
				GCC_WARN_ABOUT_RETURN_TYPE = YES_ERROR;
				GCC_WARN_UNDECLARED_SELECTOR = YES;
				GCC_WARN_UNINITIALIZED_AUTOS = YES_AGGRESSIVE;
				GCC_WARN_UNUSED_FUNCTION = YES;
				GCC_WARN_UNUSED_VARIABLE = YES;
				IPHONEOS_DEPLOYMENT_TARGET = 10.2;
				MTL_ENABLE_DEBUG_INFO = NO;
				SDKROOT = iphoneos;
				VALIDATE_PRODUCT = YES;
			};
			name = Release;
		};
		1902B5B71F14D8E600D5CD36 /* Debug */ = {
			isa = XCBuildConfiguration;
			baseConfigurationReference = E9D5E0F7D42DD34B455D74B5 /* Pods-ma2.debug.xcconfig */;
			buildSettings = {
				ASSETCATALOG_COMPILER_APPICON_NAME = AppIcon;
				ASSETCATALOG_COMPILER_LAUNCHIMAGE_NAME = LaunchImage;
				DEVELOPMENT_TEAM = CE7XVR5S2V;
				INFOPLIST_FILE = ma2/Info.plist;
				IPHONEOS_DEPLOYMENT_TARGET = 9.0;
				LD_RUNPATH_SEARCH_PATHS = "$(inherited) @executable_path/Frameworks";
				PRODUCT_BUNDLE_IDENTIFIER = com.fanyl.ma2;
				PRODUCT_NAME = "$(TARGET_NAME)";
				PROVISIONING_PROFILE = "a8755552-bbee-40da-a4a4-53e6faace46f";
				PROVISIONING_PROFILE_SPECIFIER = allProjects;
			};
			name = Debug;
		};
		1902B5B81F14D8E600D5CD36 /* Release */ = {
			isa = XCBuildConfiguration;
			baseConfigurationReference = 7D62EAAF160C3B5273F55DBB /* Pods-ma2.release.xcconfig */;
			buildSettings = {
				ASSETCATALOG_COMPILER_APPICON_NAME = AppIcon;
				ASSETCATALOG_COMPILER_LAUNCHIMAGE_NAME = LaunchImage;
				DEVELOPMENT_TEAM = CE7XVR5S2V;
				INFOPLIST_FILE = ma2/Info.plist;
				IPHONEOS_DEPLOYMENT_TARGET = 9.0;
				LD_RUNPATH_SEARCH_PATHS = "$(inherited) @executable_path/Frameworks";
				PRODUCT_BUNDLE_IDENTIFIER = com.fanyl.ma2;
				PRODUCT_NAME = "$(TARGET_NAME)";
				PROVISIONING_PROFILE = "a8755552-bbee-40da-a4a4-53e6faace46f";
				PROVISIONING_PROFILE_SPECIFIER = allProjects;
			};
			name = Release;
		};
/* End XCBuildConfiguration section */

/* Begin XCConfigurationList section */
		1902B59A1F14D8E600D5CD36 /* Build configuration list for PBXProject "ma2" */ = {
			isa = XCConfigurationList;
			buildConfigurations = (
				1902B5B41F14D8E600D5CD36 /* Debug */,
				1902B5B51F14D8E600D5CD36 /* Release */,
			);
			defaultConfigurationIsVisible = 0;
			defaultConfigurationName = Release;
		};
		1902B5B61F14D8E600D5CD36 /* Build configuration list for PBXNativeTarget "ma2" */ = {
			isa = XCConfigurationList;
			buildConfigurations = (
				1902B5B71F14D8E600D5CD36 /* Debug */,
				1902B5B81F14D8E600D5CD36 /* Release */,
			);
			defaultConfigurationIsVisible = 0;
			defaultConfigurationName = Release;
		};
/* End XCConfigurationList section */
	};
	rootObject = 1902B5971F14D8E600D5CD36 /* Project object */;
}
