// !$*UTF8*$!
{
	archiveVersion = 1;
	classes = {
	};
	objectVersion = 46;
	objects = {

/* Begin PBXBuildFile section */
		1902B5941F14D42800D5CD36 /* RootView.m in Sources */ = {isa = PBXBuildFile; fileRef = 1902B5931F14D42800D5CD36 /* RootView.m */; };
		8DC6F7A61F13EF0F001B5A8C /* main.m in Sources */ = {isa = PBXBuildFile; fileRef = 8DC6F7A51F13EF0F001B5A8C /* main.m */; };
		8DC6F7A91F13EF0F001B5A8C /* AppDelegate.m in Sources */ = {isa = PBXBuildFile; fileRef = 8DC6F7A81F13EF0F001B5A8C /* AppDelegate.m */; };
		8DC6F7AF1F13EF0F001B5A8C /* Main.storyboard in Resources */ = {isa = PBXBuildFile; fileRef = 8DC6F7AD1F13EF0F001B5A8C /* Main.storyboard */; };
		8DC6F7B11F13EF0F001B5A8C /* Assets.xcassets in Resources */ = {isa = PBXBuildFile; fileRef = 8DC6F7B01F13EF0F001B5A8C /* Assets.xcassets */; };
		8DC6F7B41F13EF0F001B5A8C /* LaunchScreen.storyboard in Resources */ = {isa = PBXBuildFile; fileRef = 8DC6F7B21F13EF0F001B5A8C /* LaunchScreen.storyboard */; };
		8DC6F7BE1F13F01F001B5A8C /* MainViewController.m in Sources */ = {isa = PBXBuildFile; fileRef = 8DC6F7BC1F13F01F001B5A8C /* MainViewController.m */; };
		8DC6F7C91F13F7E6001B5A8C /* RootView.xib in Resources */ = {isa = PBXBuildFile; fileRef = 8DC6F7C81F13F7E6001B5A8C /* RootView.xib */; };
		8DC6F7CD1F13FB7B001B5A8C /* RootViewController.m in Sources */ = {isa = PBXBuildFile; fileRef = 8DC6F7CB1F13FB7B001B5A8C /* RootViewController.m */; };
		8DC6F7CE1F13FB7B001B5A8C /* RootViewController.xib in Resources */ = {isa = PBXBuildFile; fileRef = 8DC6F7CC1F13FB7B001B5A8C /* RootViewController.xib */; };
/* End PBXBuildFile section */

/* Begin PBXFileReference section */
		1902B5921F14D42800D5CD36 /* RootView.h */ = {isa = PBXFileReference; fileEncoding = 4; lastKnownFileType = sourcecode.c.h; path = RootView.h; sourceTree = "<group>"; };
		1902B5931F14D42800D5CD36 /* RootView.m */ = {isa = PBXFileReference; fileEncoding = 4; lastKnownFileType = sourcecode.c.objc; path = RootView.m; sourceTree = "<group>"; };
		8DC6F7A11F13EF0F001B5A8C /* Ma.app */ = {isa = PBXFileReference; explicitFileType = wrapper.application; includeInIndex = 0; path = Ma.app; sourceTree = BUILT_PRODUCTS_DIR; };
		8DC6F7A51F13EF0F001B5A8C /* main.m */ = {isa = PBXFileReference; lastKnownFileType = sourcecode.c.objc; path = main.m; sourceTree = "<group>"; };
		8DC6F7A71F13EF0F001B5A8C /* AppDelegate.h */ = {isa = PBXFileReference; lastKnownFileType = sourcecode.c.h; path = AppDelegate.h; sourceTree = "<group>"; };
		8DC6F7A81F13EF0F001B5A8C /* AppDelegate.m */ = {isa = PBXFileReference; lastKnownFileType = sourcecode.c.objc; path = AppDelegate.m; sourceTree = "<group>"; };
		8DC6F7AE1F13EF0F001B5A8C /* Base */ = {isa = PBXFileReference; lastKnownFileType = file.storyboard; name = Base; path = Base.lproj/Main.storyboard; sourceTree = "<group>"; };
		8DC6F7B01F13EF0F001B5A8C /* Assets.xcassets */ = {isa = PBXFileReference; lastKnownFileType = folder.assetcatalog; path = Assets.xcassets; sourceTree = "<group>"; };
		8DC6F7B31F13EF0F001B5A8C /* Base */ = {isa = PBXFileReference; lastKnownFileType = file.storyboard; name = Base; path = Base.lproj/LaunchScreen.storyboard; sourceTree = "<group>"; };
		8DC6F7B51F13EF0F001B5A8C /* Info.plist */ = {isa = PBXFileReference; lastKnownFileType = text.plist.xml; path = Info.plist; sourceTree = "<group>"; };
		8DC6F7BB1F13F01F001B5A8C /* MainViewController.h */ = {isa = PBXFileReference; fileEncoding = 4; lastKnownFileType = sourcecode.c.h; path = MainViewController.h; sourceTree = "<group>"; };
		8DC6F7BC1F13F01F001B5A8C /* MainViewController.m */ = {isa = PBXFileReference; fileEncoding = 4; lastKnownFileType = sourcecode.c.objc; path = MainViewController.m; sourceTree = "<group>"; };
		8DC6F7C81F13F7E6001B5A8C /* RootView.xib */ = {isa = PBXFileReference; fileEncoding = 4; lastKnownFileType = file.xib; path = RootView.xib; sourceTree = "<group>"; };
		8DC6F7CA1F13FB7B001B5A8C /* RootViewController.h */ = {isa = PBXFileReference; fileEncoding = 4; lastKnownFileType = sourcecode.c.h; path = RootViewController.h; sourceTree = "<group>"; };
		8DC6F7CB1F13FB7B001B5A8C /* RootViewController.m */ = {isa = PBXFileReference; fileEncoding = 4; lastKnownFileType = sourcecode.c.objc; path = RootViewController.m; sourceTree = "<group>"; };
		8DC6F7CC1F13FB7B001B5A8C /* RootViewController.xib */ = {isa = PBXFileReference; fileEncoding = 4; lastKnownFileType = file.xib; path = RootViewController.xib; sourceTree = "<group>"; };
/* End PBXFileReference section */

/* Begin PBXFrameworksBuildPhase section */
		8DC6F79E1F13EF0F001B5A8C /* Frameworks */ = {
			isa = PBXFrameworksBuildPhase;
			buildActionMask = 2147483647;
			files = (
			);
			runOnlyForDeploymentPostprocessing = 0;
		};
/* End PBXFrameworksBuildPhase section */

/* Begin PBXGroup section */
		8DC6F7981F13EF0F001B5A8C = {
			isa = PBXGroup;
			children = (
				8DC6F7A31F13EF0F001B5A8C /* Ma */,
				8DC6F7A21F13EF0F001B5A8C /* Products */,
			);
			sourceTree = "<group>";
		};
		8DC6F7A21F13EF0F001B5A8C /* Products */ = {
			isa = PBXGroup;
			children = (
				8DC6F7A11F13EF0F001B5A8C /* Ma.app */,
			);
			name = Products;
			sourceTree = "<group>";
		};
		8DC6F7A31F13EF0F001B5A8C /* Ma */ = {
			isa = PBXGroup;
			children = (
				1902B5921F14D42800D5CD36 /* RootView.h */,
				1902B5931F14D42800D5CD36 /* RootView.m */,
				8DC6F7C81F13F7E6001B5A8C /* RootView.xib */,
				8DC6F7A71F13EF0F001B5A8C /* AppDelegate.h */,
				8DC6F7A81F13EF0F001B5A8C /* AppDelegate.m */,
				8DC6F7BB1F13F01F001B5A8C /* MainViewController.h */,
				8DC6F7BC1F13F01F001B5A8C /* MainViewController.m */,
				8DC6F7CA1F13FB7B001B5A8C /* RootViewController.h */,
				8DC6F7CB1F13FB7B001B5A8C /* RootViewController.m */,
				8DC6F7CC1F13FB7B001B5A8C /* RootViewController.xib */,
				8DC6F7AD1F13EF0F001B5A8C /* Main.storyboard */,
				8DC6F7B01F13EF0F001B5A8C /* Assets.xcassets */,
				8DC6F7B21F13EF0F001B5A8C /* LaunchScreen.storyboard */,
				8DC6F7B51F13EF0F001B5A8C /* Info.plist */,
				8DC6F7A41F13EF0F001B5A8C /* Supporting Files */,
			);
			path = Ma;
			sourceTree = "<group>";
		};
		8DC6F7A41F13EF0F001B5A8C /* Supporting Files */ = {
			isa = PBXGroup;
			children = (
				8DC6F7A51F13EF0F001B5A8C /* main.m */,
			);
			name = "Supporting Files";
			sourceTree = "<group>";
		};
/* End PBXGroup section */

/* Begin PBXNativeTarget section */
		8DC6F7A01F13EF0F001B5A8C /* Ma */ = {
			isa = PBXNativeTarget;
			buildConfigurationList = 8DC6F7B81F13EF0F001B5A8C /* Build configuration list for PBXNativeTarget "Ma" */;
			buildPhases = (
				8DC6F79D1F13EF0F001B5A8C /* Sources */,
				8DC6F79E1F13EF0F001B5A8C /* Frameworks */,
				8DC6F79F1F13EF0F001B5A8C /* Resources */,
			);
			buildRules = (
			);
			dependencies = (
			);
			name = Ma;
			productName = Ma;
			productReference = 8DC6F7A11F13EF0F001B5A8C /* Ma.app */;
			productType = "com.apple.product-type.application";
		};
/* End PBXNativeTarget section */

/* Begin PBXProject section */
		8DC6F7991F13EF0F001B5A8C /* Project object */ = {
			isa = PBXProject;
			attributes = {
				LastUpgradeCheck = 0830;
				ORGANIZATIONNAME = fanyl;
				TargetAttributes = {
					8DC6F7A01F13EF0F001B5A8C = {
						CreatedOnToolsVersion = 8.3.3;
						DevelopmentTeam = CE7XVR5S2V;
						ProvisioningStyle = Manual;
					};
				};
			};
			buildConfigurationList = 8DC6F79C1F13EF0F001B5A8C /* Build configuration list for PBXProject "Ma" */;
			compatibilityVersion = "Xcode 3.2";
			developmentRegion = English;
			hasScannedForEncodings = 0;
			knownRegions = (
				en,
				Base,
			);
			mainGroup = 8DC6F7981F13EF0F001B5A8C;
			productRefGroup = 8DC6F7A21F13EF0F001B5A8C /* Products */;
			projectDirPath = "";
			projectRoot = "";
			targets = (
				8DC6F7A01F13EF0F001B5A8C /* Ma */,
			);
		};
/* End PBXProject section */

/* Begin PBXResourcesBuildPhase section */
		8DC6F79F1F13EF0F001B5A8C /* Resources */ = {
			isa = PBXResourcesBuildPhase;
			buildActionMask = 2147483647;
			files = (
				8DC6F7C91F13F7E6001B5A8C /* RootView.xib in Resources */,
				8DC6F7B41F13EF0F001B5A8C /* LaunchScreen.storyboard in Resources */,
				8DC6F7CE1F13FB7B001B5A8C /* RootViewController.xib in Resources */,
				8DC6F7B11F13EF0F001B5A8C /* Assets.xcassets in Resources */,
				8DC6F7AF1F13EF0F001B5A8C /* Main.storyboard in Resources */,
			);
			runOnlyForDeploymentPostprocessing = 0;
		};
/* End PBXResourcesBuildPhase section */

/* Begin PBXSourcesBuildPhase section */
		8DC6F79D1F13EF0F001B5A8C /* Sources */ = {
			isa = PBXSourcesBuildPhase;
			buildActionMask = 2147483647;
			files = (
				8DC6F7A91F13EF0F001B5A8C /* AppDelegate.m in Sources */,
				8DC6F7BE1F13F01F001B5A8C /* MainViewController.m in Sources */,
				8DC6F7A61F13EF0F001B5A8C /* main.m in Sources */,
				8DC6F7CD1F13FB7B001B5A8C /* RootViewController.m in Sources */,
				1902B5941F14D42800D5CD36 /* RootView.m in Sources */,
			);
			runOnlyForDeploymentPostprocessing = 0;
		};
/* End PBXSourcesBuildPhase section */

/* Begin PBXVariantGroup section */
		8DC6F7AD1F13EF0F001B5A8C /* Main.storyboard */ = {
			isa = PBXVariantGroup;
			children = (
				8DC6F7AE1F13EF0F001B5A8C /* Base */,
			);
			name = Main.storyboard;
			sourceTree = "<group>";
		};
		8DC6F7B21F13EF0F001B5A8C /* LaunchScreen.storyboard */ = {
			isa = PBXVariantGroup;
			children = (
				8DC6F7B31F13EF0F001B5A8C /* Base */,
			);
			name = LaunchScreen.storyboard;
			sourceTree = "<group>";
		};
/* End PBXVariantGroup section */

/* Begin XCBuildConfiguration section */
		8DC6F7B61F13EF0F001B5A8C /* Debug */ = {
			isa = XCBuildConfiguration;
			buildSettings = {
				ALWAYS_SEARCH_USER_PATHS = NO;
				CLANG_ANALYZER_NONNULL = YES;
				CLANG_ANALYZER_NUMBER_OBJECT_CONVERSION = YES_AGGRESSIVE;
				CLANG_CXX_LANGUAGE_STANDARD = "gnu++0x";
				CLANG_CXX_LIBRARY = "libc++";
				CLANG_ENABLE_MODULES = YES;
				CLANG_ENABLE_OBJC_ARC = YES;
				CLANG_WARN_BOOL_CONVERSION = YES;
				CLANG_WARN_CONSTANT_CONVERSION = YES;
				CLANG_WARN_DIRECT_OBJC_ISA_USAGE = YES_ERROR;
				CLANG_WARN_DOCUMENTATION_COMMENTS = YES;
				CLANG_WARN_EMPTY_BODY = YES;
				CLANG_WARN_ENUM_CONVERSION = YES;
				CLANG_WARN_INFINITE_RECURSION = YES;
				CLANG_WARN_INT_CONVERSION = YES;
				CLANG_WARN_OBJC_ROOT_CLASS = YES_ERROR;
				CLANG_WARN_SUSPICIOUS_MOVE = YES;
				CLANG_WARN_UNREACHABLE_CODE = YES;
				CLANG_WARN__DUPLICATE_METHOD_MATCH = YES;
				"CODE_SIGN_IDENTITY[sdk=iphoneos*]" = "iPhone Developer";
				COPY_PHASE_STRIP = NO;
				DEBUG_INFORMATION_FORMAT = dwarf;
				ENABLE_STRICT_OBJC_MSGSEND = YES;
				ENABLE_TESTABILITY = YES;
				GCC_C_LANGUAGE_STANDARD = gnu99;
				GCC_DYNAMIC_NO_PIC = NO;
				GCC_NO_COMMON_BLOCKS = YES;
				GCC_OPTIMIZATION_LEVEL = 0;
				GCC_PREPROCESSOR_DEFINITIONS = (
					"DEBUG=1",
					"$(inherited)",
				);
				GCC_WARN_64_TO_32_BIT_CONVERSION = YES;
				GCC_WARN_ABOUT_RETURN_TYPE = YES_ERROR;
				GCC_WARN_UNDECLARED_SELECTOR = YES;
				GCC_WARN_UNINITIALIZED_AUTOS = YES_AGGRESSIVE;
				GCC_WARN_UNUSED_FUNCTION = YES;
				GCC_WARN_UNUSED_VARIABLE = YES;
				IPHONEOS_DEPLOYMENT_TARGET = 10.3;
				MTL_ENABLE_DEBUG_INFO = YES;
				ONLY_ACTIVE_ARCH = YES;
				SDKROOT = iphoneos;
				TARGETED_DEVICE_FAMILY = "1,2";
			};
			name = Debug;
		};
		8DC6F7B71F13EF0F001B5A8C /* Release */ = {
			isa = XCBuildConfiguration;
			buildSettings = {
				ALWAYS_SEARCH_USER_PATHS = NO;
				CLANG_ANALYZER_NONNULL = YES;
				CLANG_ANALYZER_NUMBER_OBJECT_CONVERSION = YES_AGGRESSIVE;
				CLANG_CXX_LANGUAGE_STANDARD = "gnu++0x";
				CLANG_CXX_LIBRARY = "libc++";
				CLANG_ENABLE_MODULES = YES;
				CLANG_ENABLE_OBJC_ARC = YES;
				CLANG_WARN_BOOL_CONVERSION = YES;
				CLANG_WARN_CONSTANT_CONVERSION = YES;
				CLANG_WARN_DIRECT_OBJC_ISA_USAGE = YES_ERROR;
				CLANG_WARN_DOCUMENTATION_COMMENTS = YES;
				CLANG_WARN_EMPTY_BODY = YES;
				CLANG_WARN_ENUM_CONVERSION = YES;
				CLANG_WARN_INFINITE_RECURSION = YES;
				CLANG_WARN_INT_CONVERSION = YES;
				CLANG_WARN_OBJC_ROOT_CLASS = YES_ERROR;
				CLANG_WARN_SUSPICIOUS_MOVE = YES;
				CLANG_WARN_UNREACHABLE_CODE = YES;
				CLANG_WARN__DUPLICATE_METHOD_MATCH = YES;
				"CODE_SIGN_IDENTITY[sdk=iphoneos*]" = "iPhone Developer";
				COPY_PHASE_STRIP = NO;
				DEBUG_INFORMATION_FORMAT = "dwarf-with-dsym";
				ENABLE_NS_ASSERTIONS = NO;
				ENABLE_STRICT_OBJC_MSGSEND = YES;
				GCC_C_LANGUAGE_STANDARD = gnu99;
				GCC_NO_COMMON_BLOCKS = YES;
				GCC_WARN_64_TO_32_BIT_CONVERSION = YES;
				GCC_WARN_ABOUT_RETURN_TYPE = YES_ERROR;
				GCC_WARN_UNDECLARED_SELECTOR = YES;
				GCC_WARN_UNINITIALIZED_AUTOS = YES_AGGRESSIVE;
				GCC_WARN_UNUSED_FUNCTION = YES;
				GCC_WARN_UNUSED_VARIABLE = YES;
				IPHONEOS_DEPLOYMENT_TARGET = 10.3;
				MTL_ENABLE_DEBUG_INFO = NO;
				SDKROOT = iphoneos;
				TARGETED_DEVICE_FAMILY = "1,2";
				VALIDATE_PRODUCT = YES;
			};
			name = Release;
		};
		8DC6F7B91F13EF0F001B5A8C /* Debug */ = {
			isa = XCBuildConfiguration;
			buildSettings = {
				ASSETCATALOG_COMPILER_APPICON_NAME = AppIcon;
				DEVELOPMENT_TEAM = CE7XVR5S2V;
				INFOPLIST_FILE = Ma/Info.plist;
				IPHONEOS_DEPLOYMENT_TARGET = 10.0;
				LD_RUNPATH_SEARCH_PATHS = "$(inherited) @executable_path/Frameworks";
				PRODUCT_BUNDLE_IDENTIFIER = fanyl.Ma;
				PRODUCT_NAME = "$(TARGET_NAME)";
				PROVISIONING_PROFILE = "a8755552-bbee-40da-a4a4-53e6faace46f";
				PROVISIONING_PROFILE_SPECIFIER = allProjects;
			};
			name = Debug;
		};
		8DC6F7BA1F13EF0F001B5A8C /* Release */ = {
			isa = XCBuildConfiguration;
			buildSettings = {
				ASSETCATALOG_COMPILER_APPICON_NAME = AppIcon;
				DEVELOPMENT_TEAM = CE7XVR5S2V;
				INFOPLIST_FILE = Ma/Info.plist;
				IPHONEOS_DEPLOYMENT_TARGET = 10.0;
				LD_RUNPATH_SEARCH_PATHS = "$(inherited) @executable_path/Frameworks";
				PRODUCT_BUNDLE_IDENTIFIER = fanyl.Ma;
				PRODUCT_NAME = "$(TARGET_NAME)";
				PROVISIONING_PROFILE = "a8755552-bbee-40da-a4a4-53e6faace46f";
				PROVISIONING_PROFILE_SPECIFIER = allProjects;
			};
			name = Release;
		};
/* End XCBuildConfiguration section */

/* Begin XCConfigurationList section */
		8DC6F79C1F13EF0F001B5A8C /* Build configuration list for PBXProject "Ma" */ = {
			isa = XCConfigurationList;
			buildConfigurations = (
				8DC6F7B61F13EF0F001B5A8C /* Debug */,
				8DC6F7B71F13EF0F001B5A8C /* Release */,
			);
			defaultConfigurationIsVisible = 0;
			defaultConfigurationName = Release;
		};
		8DC6F7B81F13EF0F001B5A8C /* Build configuration list for PBXNativeTarget "Ma" */ = {
			isa = XCConfigurationList;
			buildConfigurations = (
				8DC6F7B91F13EF0F001B5A8C /* Debug */,
				8DC6F7BA1F13EF0F001B5A8C /* Release */,
			);
			defaultConfigurationIsVisible = 0;
			defaultConfigurationName = Release;
		};
/* End XCConfigurationList section */
	};
	rootObject = 8DC6F7991F13EF0F001B5A8C /* Project object */;
}
